// !$*UTF8*$!
{
	archiveVersion = 1;
	classes = {
	};
	objectVersion = 50;
	objects = {

/* Begin PBXBuildFile section */
		9F6F9404211AEABA00EAB2EE /* AppDelegate.swift in Sources */ = {isa = PBXBuildFile; fileRef = 9F6F9403211AEABA00EAB2EE /* AppDelegate.swift */; };
		9F6F9406211AEABA00EAB2EE /* ViewController.swift in Sources */ = {isa = PBXBuildFile; fileRef = 9F6F9405211AEABA00EAB2EE /* ViewController.swift */; };
		9F6F9409211AEABA00EAB2EE /* Main.storyboard in Resources */ = {isa = PBXBuildFile; fileRef = 9F6F9407211AEABA00EAB2EE /* Main.storyboard */; };
		9F6F940B211AEABC00EAB2EE /* Assets.xcassets in Resources */ = {isa = PBXBuildFile; fileRef = 9F6F940A211AEABC00EAB2EE /* Assets.xcassets */; };
		9F6F940E211AEABC00EAB2EE /* LaunchScreen.storyboard in Resources */ = {isa = PBXBuildFile; fileRef = 9F6F940C211AEABC00EAB2EE /* LaunchScreen.storyboard */; };
		9F6F941C211AFFC300EAB2EE /* GoogleService-Info.plist in Resources */ = {isa = PBXBuildFile; fileRef = 9F6F941B211AFFC300EAB2EE /* GoogleService-Info.plist */; };
		C9B4F195496F84D99AB8DB00 /* Pods_LOCAL_NOTIFICATION.framework in Frameworks */ = {isa = PBXBuildFile; fileRef = 3535F51A61EABA530E087333 /* Pods_LOCAL_NOTIFICATION.framework */; };
/* End PBXBuildFile section */

/* Begin PBXFileReference section */
		2E79194722FA4C9EB6BF9EA0 /* Pods-LOCAL NOTIFICATION.release.xcconfig */ = {isa = PBXFileReference; includeInIndex = 1; lastKnownFileType = text.xcconfig; name = "Pods-LOCAL NOTIFICATION.release.xcconfig"; path = "Pods/Target Support Files/Pods-LOCAL NOTIFICATION/Pods-LOCAL NOTIFICATION.release.xcconfig"; sourceTree = "<group>"; };
		3535F51A61EABA530E087333 /* Pods_LOCAL_NOTIFICATION.framework */ = {isa = PBXFileReference; explicitFileType = wrapper.framework; includeInIndex = 0; path = Pods_LOCAL_NOTIFICATION.framework; sourceTree = BUILT_PRODUCTS_DIR; };
		7B53A39EB86B5BE6EC4D30C8 /* Pods-LOCAL NOTIFICATION.debug.xcconfig */ = {isa = PBXFileReference; includeInIndex = 1; lastKnownFileType = text.xcconfig; name = "Pods-LOCAL NOTIFICATION.debug.xcconfig"; path = "Pods/Target Support Files/Pods-LOCAL NOTIFICATION/Pods-LOCAL NOTIFICATION.debug.xcconfig"; sourceTree = "<group>"; };
		9F6F9400211AEABA00EAB2EE /* LOCAL NOTIFICATION.app */ = {isa = PBXFileReference; explicitFileType = wrapper.application; includeInIndex = 0; path = "LOCAL NOTIFICATION.app"; sourceTree = BUILT_PRODUCTS_DIR; };
		9F6F9403211AEABA00EAB2EE /* AppDelegate.swift */ = {isa = PBXFileReference; lastKnownFileType = sourcecode.swift; path = AppDelegate.swift; sourceTree = "<group>"; };
		9F6F9405211AEABA00EAB2EE /* ViewController.swift */ = {isa = PBXFileReference; lastKnownFileType = sourcecode.swift; path = ViewController.swift; sourceTree = "<group>"; };
		9F6F9408211AEABA00EAB2EE /* Base */ = {isa = PBXFileReference; lastKnownFileType = file.storyboard; name = Base; path = Base.lproj/Main.storyboard; sourceTree = "<group>"; };
		9F6F940A211AEABC00EAB2EE /* Assets.xcassets */ = {isa = PBXFileReference; lastKnownFileType = folder.assetcatalog; path = Assets.xcassets; sourceTree = "<group>"; };
		9F6F940D211AEABC00EAB2EE /* Base */ = {isa = PBXFileReference; lastKnownFileType = file.storyboard; name = Base; path = Base.lproj/LaunchScreen.storyboard; sourceTree = "<group>"; };
		9F6F940F211AEABC00EAB2EE /* Info.plist */ = {isa = PBXFileReference; lastKnownFileType = text.plist.xml; path = Info.plist; sourceTree = "<group>"; };
		9F6F9415211AEFE700EAB2EE /* LOCAL NOTIFICATION.entitlements */ = {isa = PBXFileReference; lastKnownFileType = text.plist.entitlements; path = "LOCAL NOTIFICATION.entitlements"; sourceTree = "<group>"; };
		9F6F941B211AFFC300EAB2EE /* GoogleService-Info.plist */ = {isa = PBXFileReference; fileEncoding = 4; lastKnownFileType = text.plist.xml; path = "GoogleService-Info.plist"; sourceTree = "<group>"; };
/* End PBXFileReference section */

/* Begin PBXFrameworksBuildPhase section */
		9F6F93FD211AEABA00EAB2EE /* Frameworks */ = {
			isa = PBXFrameworksBuildPhase;
			buildActionMask = 2147483647;
			files = (
				C9B4F195496F84D99AB8DB00 /* Pods_LOCAL_NOTIFICATION.framework in Frameworks */,
			);
			runOnlyForDeploymentPostprocessing = 0;
		};
/* End PBXFrameworksBuildPhase section */

/* Begin PBXGroup section */
		9637C09C321244472BAFAA66 /* Pods */ = {
			isa = PBXGroup;
			children = (
				7B53A39EB86B5BE6EC4D30C8 /* Pods-LOCAL NOTIFICATION.debug.xcconfig */,
				2E79194722FA4C9EB6BF9EA0 /* Pods-LOCAL NOTIFICATION.release.xcconfig */,
			);
			name = Pods;
			sourceTree = "<group>";
		};
		9F6F93F7211AEABA00EAB2EE = {
			isa = PBXGroup;
			children = (
				9F6F9402211AEABA00EAB2EE /* LOCAL NOTIFICATION */,
				9F6F9401211AEABA00EAB2EE /* Products */,
				9637C09C321244472BAFAA66 /* Pods */,
				CD42058C0B487E6B68483F5D /* Frameworks */,
			);
			sourceTree = "<group>";
		};
		9F6F9401211AEABA00EAB2EE /* Products */ = {
			isa = PBXGroup;
			children = (
				9F6F9400211AEABA00EAB2EE /* LOCAL NOTIFICATION.app */,
			);
			name = Products;
			sourceTree = "<group>";
		};
		9F6F9402211AEABA00EAB2EE /* LOCAL NOTIFICATION */ = {
			isa = PBXGroup;
			children = (
				9F6F9415211AEFE700EAB2EE /* LOCAL NOTIFICATION.entitlements */,
				9F6F9403211AEABA00EAB2EE /* AppDelegate.swift */,
				9F6F9405211AEABA00EAB2EE /* ViewController.swift */,
				9F6F9407211AEABA00EAB2EE /* Main.storyboard */,
				9F6F940A211AEABC00EAB2EE /* Assets.xcassets */,
				9F6F940C211AEABC00EAB2EE /* LaunchScreen.storyboard */,
				9F6F941B211AFFC300EAB2EE /* GoogleService-Info.plist */,
				9F6F940F211AEABC00EAB2EE /* Info.plist */,
			);
			path = "LOCAL NOTIFICATION";
			sourceTree = "<group>";
		};
		CD42058C0B487E6B68483F5D /* Frameworks */ = {
			isa = PBXGroup;
			children = (
				3535F51A61EABA530E087333 /* Pods_LOCAL_NOTIFICATION.framework */,
			);
			name = Frameworks;
			sourceTree = "<group>";
		};
/* End PBXGroup section */

/* Begin PBXNativeTarget section */
		9F6F93FF211AEABA00EAB2EE /* LOCAL NOTIFICATION */ = {
			isa = PBXNativeTarget;
			buildConfigurationList = 9F6F9412211AEABC00EAB2EE /* Build configuration list for PBXNativeTarget "LOCAL NOTIFICATION" */;
			buildPhases = (
				8868B680034AA31DDAA5D0AF /* [CP] Check Pods Manifest.lock */,
				9F6F93FC211AEABA00EAB2EE /* Sources */,
				9F6F93FD211AEABA00EAB2EE /* Frameworks */,
				9F6F93FE211AEABA00EAB2EE /* Resources */,
				2FC03A774A313620D43FDE04 /* [CP] Embed Pods Frameworks */,
			);
			buildRules = (
			);
			dependencies = (
			);
			name = "LOCAL NOTIFICATION";
			productName = "LOCAL NOTIFICATION";
			productReference = 9F6F9400211AEABA00EAB2EE /* LOCAL NOTIFICATION.app */;
			productType = "com.apple.product-type.application";
		};
/* End PBXNativeTarget section */

/* Begin PBXProject section */
		9F6F93F8211AEABA00EAB2EE /* Project object */ = {
			isa = PBXProject;
			attributes = {
				LastSwiftUpdateCheck = 0940;
				LastUpgradeCheck = 0940;
				ORGANIZATIONNAME = jp;
				TargetAttributes = {
					9F6F93FF211AEABA00EAB2EE = {
						CreatedOnToolsVersion = 9.4.1;
						SystemCapabilities = {
							com.apple.Push = {
								enabled = 1;
							};
						};
					};
				};
			};
			buildConfigurationList = 9F6F93FB211AEABA00EAB2EE /* Build configuration list for PBXProject "LOCAL NOTIFICATION" */;
			compatibilityVersion = "Xcode 9.3";
			developmentRegion = en;
			hasScannedForEncodings = 0;
			knownRegions = (
				en,
				Base,
			);
			mainGroup = 9F6F93F7211AEABA00EAB2EE;
			productRefGroup = 9F6F9401211AEABA00EAB2EE /* Products */;
			projectDirPath = "";
			projectRoot = "";
			targets = (
				9F6F93FF211AEABA00EAB2EE /* LOCAL NOTIFICATION */,
			);
		};
/* End PBXProject section */

/* Begin PBXResourcesBuildPhase section */
		9F6F93FE211AEABA00EAB2EE /* Resources */ = {
			isa = PBXResourcesBuildPhase;
			buildActionMask = 2147483647;
			files = (
				9F6F941C211AFFC300EAB2EE /* GoogleService-Info.plist in Resources */,
				9F6F940E211AEABC00EAB2EE /* LaunchScreen.storyboard in Resources */,
				9F6F940B211AEABC00EAB2EE /* Assets.xcassets in Resources */,
				9F6F9409211AEABA00EAB2EE /* Main.storyboard in Resources */,
			);
			runOnlyForDeploymentPostprocessing = 0;
		};
/* End PBXResourcesBuildPhase section */

/* Begin PBXShellScriptBuildPhase section */
		2FC03A774A313620D43FDE04 /* [CP] Embed Pods Frameworks */ = {
			isa = PBXShellScriptBuildPhase;
			buildActionMask = 2147483647;
			files = (
			);
			inputPaths = (
				"${SRCROOT}/Pods/Target Support Files/Pods-LOCAL NOTIFICATION/Pods-LOCAL NOTIFICATION-frameworks.sh",
				"${BUILT_PRODUCTS_DIR}/GoogleToolboxForMac/GoogleToolboxForMac.framework",
				"${BUILT_PRODUCTS_DIR}/Protobuf/Protobuf.framework",
			);
			name = "[CP] Embed Pods Frameworks";
			outputPaths = (
				"${TARGET_BUILD_DIR}/${FRAMEWORKS_FOLDER_PATH}/GoogleToolboxForMac.framework",
				"${TARGET_BUILD_DIR}/${FRAMEWORKS_FOLDER_PATH}/Protobuf.framework",
			);
			runOnlyForDeploymentPostprocessing = 0;
			shellPath = /bin/sh;
			shellScript = "\"${SRCROOT}/Pods/Target Support Files/Pods-LOCAL NOTIFICATION/Pods-LOCAL NOTIFICATION-frameworks.sh\"\n";
			showEnvVarsInLog = 0;
		};
		8868B680034AA31DDAA5D0AF /* [CP] Check Pods Manifest.lock */ = {
			isa = PBXShellScriptBuildPhase;
			buildActionMask = 2147483647;
			files = (
			);
			inputPaths = (
				"${PODS_PODFILE_DIR_PATH}/Podfile.lock",
				"${PODS_ROOT}/Manifest.lock",
			);
			name = "[CP] Check Pods Manifest.lock";
			outputPaths = (
				"$(DERIVED_FILE_DIR)/Pods-LOCAL NOTIFICATION-checkManifestLockResult.txt",
			);
			runOnlyForDeploymentPostprocessing = 0;
			shellPath = /bin/sh;
			shellScript = "diff \"${PODS_PODFILE_DIR_PATH}/Podfile.lock\" \"${PODS_ROOT}/Manifest.lock\" > /dev/null\nif [ $? != 0 ] ; then\n    # print error to STDERR\n    echo \"error: The sandbox is not in sync with the Podfile.lock. Run 'pod install' or update your CocoaPods installation.\" >&2\n    exit 1\nfi\n# This output is used by Xcode 'outputs' to avoid re-running this script phase.\necho \"SUCCESS\" > \"${SCRIPT_OUTPUT_FILE_0}\"\n";
			showEnvVarsInLog = 0;
		};
/* End PBXShellScriptBuildPhase section */

/* Begin PBXSourcesBuildPhase section */
		9F6F93FC211AEABA00EAB2EE /* Sources */ = {
			isa = PBXSourcesBuildPhase;
			buildActionMask = 2147483647;
			files = (
				9F6F9406211AEABA00EAB2EE /* ViewController.swift in Sources */,
				9F6F9404211AEABA00EAB2EE /* AppDelegate.swift in Sources */,
			);
			runOnlyForDeploymentPostprocessing = 0;
		};
/* End PBXSourcesBuildPhase section */

/* Begin PBXVariantGroup section */
		9F6F9407211AEABA00EAB2EE /* Main.storyboard */ = {
			isa = PBXVariantGroup;
			children = (
				9F6F9408211AEABA00EAB2EE /* Base */,
			);
			name = Main.storyboard;
			sourceTree = "<group>";
		};
		9F6F940C211AEABC00EAB2EE /* LaunchScreen.storyboard */ = {
			isa = PBXVariantGroup;
			children = (
				9F6F940D211AEABC00EAB2EE /* Base */,
			);
			name = LaunchScreen.storyboard;
			sourceTree = "<group>";
		};
/* End PBXVariantGroup section */

/* Begin XCBuildConfiguration section */
		9F6F9410211AEABC00EAB2EE /* Debug */ = {
			isa = XCBuildConfiguration;
			buildSettings = {
				ALWAYS_SEARCH_USER_PATHS = NO;
				CLANG_ANALYZER_NONNULL = YES;
				CLANG_ANALYZER_NUMBER_OBJECT_CONVERSION = YES_AGGRESSIVE;
				CLANG_CXX_LANGUAGE_STANDARD = "gnu++14";
				CLANG_CXX_LIBRARY = "libc++";
				CLANG_ENABLE_MODULES = YES;
				CLANG_ENABLE_OBJC_ARC = YES;
				CLANG_ENABLE_OBJC_WEAK = YES;
				CLANG_WARN_BLOCK_CAPTURE_AUTORELEASING = YES;
				CLANG_WARN_BOOL_CONVERSION = YES;
				CLANG_WARN_COMMA = YES;
				CLANG_WARN_CONSTANT_CONVERSION = YES;
				CLANG_WARN_DEPRECATED_OBJC_IMPLEMENTATIONS = YES;
				CLANG_WARN_DIRECT_OBJC_ISA_USAGE = YES_ERROR;
				CLANG_WARN_DOCUMENTATION_COMMENTS = YES;
				CLANG_WARN_EMPTY_BODY = YES;
				CLANG_WARN_ENUM_CONVERSION = YES;
				CLANG_WARN_INFINITE_RECURSION = YES;
				CLANG_WARN_INT_CONVERSION = YES;
				CLANG_WARN_NON_LITERAL_NULL_CONVERSION = YES;
				CLANG_WARN_OBJC_IMPLICIT_RETAIN_SELF = YES;
				CLANG_WARN_OBJC_LITERAL_CONVERSION = YES;
				CLANG_WARN_OBJC_ROOT_CLASS = YES_ERROR;
				CLANG_WARN_RANGE_LOOP_ANALYSIS = YES;
				CLANG_WARN_STRICT_PROTOTYPES = YES;
				CLANG_WARN_SUSPICIOUS_MOVE = YES;
				CLANG_WARN_UNGUARDED_AVAILABILITY = YES_AGGRESSIVE;
				CLANG_WARN_UNREACHABLE_CODE = YES;
				CLANG_WARN__DUPLICATE_METHOD_MATCH = YES;
				CODE_SIGN_IDENTITY = "iPhone Developer";
				COPY_PHASE_STRIP = NO;
				DEBUG_INFORMATION_FORMAT = dwarf;
				ENABLE_STRICT_OBJC_MSGSEND = YES;
				ENABLE_TESTABILITY = YES;
				GCC_C_LANGUAGE_STANDARD = gnu11;
				GCC_DYNAMIC_NO_PIC = NO;
				GCC_NO_COMMON_BLOCKS = YES;
				GCC_OPTIMIZATION_LEVEL = 0;
				GCC_PREPROCESSOR_DEFINITIONS = (
					"DEBUG=1",
					"$(inherited)",
				);
				GCC_WARN_64_TO_32_BIT_CONVERSION = YES;
				GCC_WARN_ABOUT_RETURN_TYPE = YES_ERROR;
				GCC_WARN_UNDECLARED_SELECTOR = YES;
				GCC_WARN_UNINITIALIZED_AUTOS = YES_AGGRESSIVE;
				GCC_WARN_UNUSED_FUNCTION = YES;
				GCC_WARN_UNUSED_VARIABLE = YES;
				IPHONEOS_DEPLOYMENT_TARGET = 11.4;
				MTL_ENABLE_DEBUG_INFO = YES;
				ONLY_ACTIVE_ARCH = YES;
				SDKROOT = iphoneos;
				SWIFT_ACTIVE_COMPILATION_CONDITIONS = DEBUG;
				SWIFT_OPTIMIZATION_LEVEL = "-Onone";
			};
			name = Debug;
		};
		9F6F9411211AEABC00EAB2EE /* Release */ = {
			isa = XCBuildConfiguration;
			buildSettings = {
				ALWAYS_SEARCH_USER_PATHS = NO;
				CLANG_ANALYZER_NONNULL = YES;
				CLANG_ANALYZER_NUMBER_OBJECT_CONVERSION = YES_AGGRESSIVE;
				CLANG_CXX_LANGUAGE_STANDARD = "gnu++14";
				CLANG_CXX_LIBRARY = "libc++";
				CLANG_ENABLE_MODULES = YES;
				CLANG_ENABLE_OBJC_ARC = YES;
				CLANG_ENABLE_OBJC_WEAK = YES;
				CLANG_WARN_BLOCK_CAPTURE_AUTORELEASING = YES;
				CLANG_WARN_BOOL_CONVERSION = YES;
				CLANG_WARN_COMMA = YES;
				CLANG_WARN_CONSTANT_CONVERSION = YES;
				CLANG_WARN_DEPRECATED_OBJC_IMPLEMENTATIONS = YES;
				CLANG_WARN_DIRECT_OBJC_ISA_USAGE = YES_ERROR;
				CLANG_WARN_DOCUMENTATION_COMMENTS = YES;
				CLANG_WARN_EMPTY_BODY = YES;
				CLANG_WARN_ENUM_CONVERSION = YES;
				CLANG_WARN_INFINITE_RECURSION = YES;
				CLANG_WARN_INT_CONVERSION = YES;
				CLANG_WARN_NON_LITERAL_NULL_CONVERSION = YES;
				CLANG_WARN_OBJC_IMPLICIT_RETAIN_SELF = YES;
				CLANG_WARN_OBJC_LITERAL_CONVERSION = YES;
				CLANG_WARN_OBJC_ROOT_CLASS = YES_ERROR;
				CLANG_WARN_RANGE_LOOP_ANALYSIS = YES;
				CLANG_WARN_STRICT_PROTOTYPES = YES;
				CLANG_WARN_SUSPICIOUS_MOVE = YES;
				CLANG_WARN_UNGUARDED_AVAILABILITY = YES_AGGRESSIVE;
				CLANG_WARN_UNREACHABLE_CODE = YES;
				CLANG_WARN__DUPLICATE_METHOD_MATCH = YES;
				CODE_SIGN_IDENTITY = "iPhone Developer";
				COPY_PHASE_STRIP = NO;
				DEBUG_INFORMATION_FORMAT = "dwarf-with-dsym";
				ENABLE_NS_ASSERTIONS = NO;
				ENABLE_STRICT_OBJC_MSGSEND = YES;
				GCC_C_LANGUAGE_STANDARD = gnu11;
				GCC_NO_COMMON_BLOCKS = YES;
				GCC_WARN_64_TO_32_BIT_CONVERSION = YES;
				GCC_WARN_ABOUT_RETURN_TYPE = YES_ERROR;
				GCC_WARN_UNDECLARED_SELECTOR = YES;
				GCC_WARN_UNINITIALIZED_AUTOS = YES_AGGRESSIVE;
				GCC_WARN_UNUSED_FUNCTION = YES;
				GCC_WARN_UNUSED_VARIABLE = YES;
				IPHONEOS_DEPLOYMENT_TARGET = 11.4;
				MTL_ENABLE_DEBUG_INFO = NO;
				SDKROOT = iphoneos;
				SWIFT_COMPILATION_MODE = wholemodule;
				SWIFT_OPTIMIZATION_LEVEL = "-O";
				VALIDATE_PRODUCT = YES;
			};
			name = Release;
		};
		9F6F9413211AEABC00EAB2EE /* Debug */ = {
			isa = XCBuildConfiguration;
			baseConfigurationReference = 7B53A39EB86B5BE6EC4D30C8 /* Pods-LOCAL NOTIFICATION.debug.xcconfig */;
			buildSettings = {
				ASSETCATALOG_COMPILER_APPICON_NAME = AppIcon;
				CODE_SIGN_ENTITLEMENTS = "LOCAL NOTIFICATION/LOCAL NOTIFICATION.entitlements";
				CODE_SIGN_IDENTITY = "iPhone Developer";
				CODE_SIGN_STYLE = Automatic;
				DEVELOPMENT_TEAM = VWFZU9229C;
				INFOPLIST_FILE = "LOCAL NOTIFICATION/Info.plist";
				LD_RUNPATH_SEARCH_PATHS = (
					"$(inherited)",
					"@executable_path/Frameworks",
				);
				PRODUCT_BUNDLE_IDENTIFIER = "com.cleandev.LOCAL-NOTIFICATION";
				PRODUCT_NAME = "$(TARGET_NAME)";
				PROVISIONING_PROFILE_SPECIFIER = "";
				SWIFT_VERSION = 4.0;
				TARGETED_DEVICE_FAMILY = "1,2";
			};
			name = Debug;
		};
		9F6F9414211AEABC00EAB2EE /* Release */ = {
			isa = XCBuildConfiguration;
			baseConfigurationReference = 2E79194722FA4C9EB6BF9EA0 /* Pods-LOCAL NOTIFICATION.release.xcconfig */;
			buildSettings = {
				ASSETCATALOG_COMPILER_APPICON_NAME = AppIcon;
				CODE_SIGN_ENTITLEMENTS = "LOCAL NOTIFICATION/LOCAL NOTIFICATION.entitlements";
				CODE_SIGN_IDENTITY = "iPhone Developer";
				CODE_SIGN_STYLE = Automatic;
				DEVELOPMENT_TEAM = VWFZU9229C;
				INFOPLIST_FILE = "LOCAL NOTIFICATION/Info.plist";
				LD_RUNPATH_SEARCH_PATHS = (
					"$(inherited)",
					"@executable_path/Frameworks",
				);
				PRODUCT_BUNDLE_IDENTIFIER = "com.cleandev.LOCAL-NOTIFICATION";
				PRODUCT_NAME = "$(TARGET_NAME)";
				PROVISIONING_PROFILE_SPECIFIER = "";
				SWIFT_VERSION = 4.0;
				TARGETED_DEVICE_FAMILY = "1,2";
			};
			name = Release;
		};
/* End XCBuildConfiguration section */

/* Begin XCConfigurationList section */
		9F6F93FB211AEABA00EAB2EE /* Build configuration list for PBXProject "LOCAL NOTIFICATION" */ = {
			isa = XCConfigurationList;
			buildConfigurations = (
				9F6F9410211AEABC00EAB2EE /* Debug */,
				9F6F9411211AEABC00EAB2EE /* Release */,
			);
			defaultConfigurationIsVisible = 0;
			defaultConfigurationName = Release;
		};
		9F6F9412211AEABC00EAB2EE /* Build configuration list for PBXNativeTarget "LOCAL NOTIFICATION" */ = {
			isa = XCConfigurationList;
			buildConfigurations = (
				9F6F9413211AEABC00EAB2EE /* Debug */,
				9F6F9414211AEABC00EAB2EE /* Release */,
			);
			defaultConfigurationIsVisible = 0;
			defaultConfigurationName = Release;
		};
/* End XCConfigurationList section */
	};
	rootObject = 9F6F93F8211AEABA00EAB2EE /* Project object */;
}
